// !$*UTF8*$!
{
	archiveVersion = 1;
	classes = {
	};
	objectVersion = 56;
	objects = {

/* Begin PBXBuildFile section */
		FC333BE72936AA3200C22C1A /* MyScene.swift in Sources */ = {isa = PBXBuildFile; fileRef = FC333BE62936AA3200C22C1A /* MyScene.swift */; };
		FC66624E292D46A500AA6337 /* testeApp.swift in Sources */ = {isa = PBXBuildFile; fileRef = FC66624D292D46A500AA6337 /* testeApp.swift */; };
		FC666250292D46A500AA6337 /* ContentView.swift in Sources */ = {isa = PBXBuildFile; fileRef = FC66624F292D46A500AA6337 /* ContentView.swift */; };
		FC666252292D46A600AA6337 /* Assets.xcassets in Resources */ = {isa = PBXBuildFile; fileRef = FC666251292D46A600AA6337 /* Assets.xcassets */; };
		FC666255292D46A600AA6337 /* Preview Assets.xcassets in Resources */ = {isa = PBXBuildFile; fileRef = FC666254292D46A600AA6337 /* Preview Assets.xcassets */; };
		FCE94B232930DFBD00A2E7F9 /* GameScene.swift in Sources */ = {isa = PBXBuildFile; fileRef = FCE94B222930DFBD00A2E7F9 /* GameScene.swift */; };
		FCEA0BEF292F862C00D8E3DD /* HomeView.swift in Sources */ = {isa = PBXBuildFile; fileRef = FCEA0BEE292F862C00D8E3DD /* HomeView.swift */; };
/* End PBXBuildFile section */

/* Begin PBXFileReference section */
		FC333BE62936AA3200C22C1A /* MyScene.swift */ = {isa = PBXFileReference; lastKnownFileType = sourcecode.swift; path = MyScene.swift; sourceTree = "<group>"; };
		FC66624A292D46A500AA6337 /* teste.app */ = {isa = PBXFileReference; explicitFileType = wrapper.application; includeInIndex = 0; path = teste.app; sourceTree = BUILT_PRODUCTS_DIR; };
		FC66624D292D46A500AA6337 /* testeApp.swift */ = {isa = PBXFileReference; lastKnownFileType = sourcecode.swift; path = testeApp.swift; sourceTree = "<group>"; };
		FC66624F292D46A500AA6337 /* ContentView.swift */ = {isa = PBXFileReference; lastKnownFileType = sourcecode.swift; path = ContentView.swift; sourceTree = "<group>"; };
		FC666251292D46A600AA6337 /* Assets.xcassets */ = {isa = PBXFileReference; lastKnownFileType = folder.assetcatalog; path = Assets.xcassets; sourceTree = "<group>"; };
		FC666254292D46A600AA6337 /* Preview Assets.xcassets */ = {isa = PBXFileReference; lastKnownFileType = folder.assetcatalog; path = "Preview Assets.xcassets"; sourceTree = "<group>"; };
		FCE94B222930DFBD00A2E7F9 /* GameScene.swift */ = {isa = PBXFileReference; lastKnownFileType = sourcecode.swift; path = GameScene.swift; sourceTree = "<group>"; };
		FCEA0BEE292F862C00D8E3DD /* HomeView.swift */ = {isa = PBXFileReference; lastKnownFileType = sourcecode.swift; path = HomeView.swift; sourceTree = "<group>"; };
/* End PBXFileReference section */

/* Begin PBXFrameworksBuildPhase section */
		FC666247292D46A500AA6337 /* Frameworks */ = {
			isa = PBXFrameworksBuildPhase;
			buildActionMask = 2147483647;
			files = (
			);
			runOnlyForDeploymentPostprocessing = 0;
		};
/* End PBXFrameworksBuildPhase section */

/* Begin PBXGroup section */
		FC666241292D46A500AA6337 = {
			isa = PBXGroup;
			children = (
				FC66624C292D46A500AA6337 /* teste */,
				FC66624B292D46A500AA6337 /* Products */,
			);
			sourceTree = "<group>";
		};
		FC66624B292D46A500AA6337 /* Products */ = {
			isa = PBXGroup;
			children = (
				FC66624A292D46A500AA6337 /* teste.app */,
			);
			name = Products;
			sourceTree = "<group>";
		};
		FC66624C292D46A500AA6337 /* teste */ = {
			isa = PBXGroup;
			children = (
				FC66624D292D46A500AA6337 /* testeApp.swift */,
				FC66624F292D46A500AA6337 /* ContentView.swift */,
				FCEA0BEE292F862C00D8E3DD /* HomeView.swift */,
				FCE94B222930DFBD00A2E7F9 /* GameScene.swift */,
				FC333BE62936AA3200C22C1A /* MyScene.swift */,
				FC666251292D46A600AA6337 /* Assets.xcassets */,
				FC666253292D46A600AA6337 /* Preview Content */,
			);
			path = teste;
			sourceTree = "<group>";
		};
		FC666253292D46A600AA6337 /* Preview Content */ = {
			isa = PBXGroup;
			children = (
				FC666254292D46A600AA6337 /* Preview Assets.xcassets */,
			);
			path = "Preview Content";
			sourceTree = "<group>";
		};
/* End PBXGroup section */

/* Begin PBXNativeTarget section */
		FC666249292D46A500AA6337 /* teste */ = {
			isa = PBXNativeTarget;
			buildConfigurationList = FC666258292D46A600AA6337 /* Build configuration list for PBXNativeTarget "teste" */;
			buildPhases = (
				FC666246292D46A500AA6337 /* Sources */,
				FC666247292D46A500AA6337 /* Frameworks */,
				FC666248292D46A500AA6337 /* Resources */,
			);
			buildRules = (
			);
			dependencies = (
			);
			name = teste;
			productName = teste;
			productReference = FC66624A292D46A500AA6337 /* teste.app */;
			productType = "com.apple.product-type.application";
		};
/* End PBXNativeTarget section */

/* Begin PBXProject section */
		FC666242292D46A500AA6337 /* Project object */ = {
			isa = PBXProject;
			attributes = {
				BuildIndependentTargetsInParallel = 1;
				LastSwiftUpdateCheck = 1410;
				LastUpgradeCheck = 1410;
				TargetAttributes = {
					FC666249292D46A500AA6337 = {
						CreatedOnToolsVersion = 14.1;
					};
				};
			};
			buildConfigurationList = FC666245292D46A500AA6337 /* Build configuration list for PBXProject "teste" */;
			compatibilityVersion = "Xcode 14.0";
			developmentRegion = en;
			hasScannedForEncodings = 0;
			knownRegions = (
				en,
				Base,
			);
			mainGroup = FC666241292D46A500AA6337;
			productRefGroup = FC66624B292D46A500AA6337 /* Products */;
			projectDirPath = "";
			projectRoot = "";
			targets = (
				FC666249292D46A500AA6337 /* teste */,
			);
		};
/* End PBXProject section */

/* Begin PBXResourcesBuildPhase section */
		FC666248292D46A500AA6337 /* Resources */ = {
			isa = PBXResourcesBuildPhase;
			buildActionMask = 2147483647;
			files = (
				FC666255292D46A600AA6337 /* Preview Assets.xcassets in Resources */,
				FC666252292D46A600AA6337 /* Assets.xcassets in Resources */,
			);
			runOnlyForDeploymentPostprocessing = 0;
		};
/* End PBXResourcesBuildPhase section */

/* Begin PBXSourcesBuildPhase section */
		FC666246292D46A500AA6337 /* Sources */ = {
			isa = PBXSourcesBuildPhase;
			buildActionMask = 2147483647;
			files = (
				FCE94B232930DFBD00A2E7F9 /* GameScene.swift in Sources */,
				FC666250292D46A500AA6337 /* ContentView.swift in Sources */,
				FC333BE72936AA3200C22C1A /* MyScene.swift in Sources */,
				FCEA0BEF292F862C00D8E3DD /* HomeView.swift in Sources */,
				FC66624E292D46A500AA6337 /* testeApp.swift in Sources */,
			);
			runOnlyForDeploymentPostprocessing = 0;
		};
/* End PBXSourcesBuildPhase section */

/* Begin XCBuildConfiguration section */
		FC666256292D46A600AA6337 /* Debug */ = {
			isa = XCBuildConfiguration;
			buildSettings = {
				ALWAYS_SEARCH_USER_PATHS = NO;
				CLANG_ANALYZER_NONNULL = YES;
				CLANG_ANALYZER_NUMBER_OBJECT_CONVERSION = YES_AGGRESSIVE;
				CLANG_CXX_LANGUAGE_STANDARD = "gnu++20";
				CLANG_ENABLE_MODULES = YES;
				CLANG_ENABLE_OBJC_ARC = YES;
				CLANG_ENABLE_OBJC_WEAK = YES;
				CLANG_WARN_BLOCK_CAPTURE_AUTORELEASING = YES;
				CLANG_WARN_BOOL_CONVERSION = YES;
				CLANG_WARN_COMMA = YES;
				CLANG_WARN_CONSTANT_CONVERSION = YES;
				CLANG_WARN_DEPRECATED_OBJC_IMPLEMENTATIONS = YES;
				CLANG_WARN_DIRECT_OBJC_ISA_USAGE = YES_ERROR;
				CLANG_WARN_DOCUMENTATION_COMMENTS = YES;
				CLANG_WARN_EMPTY_BODY = YES;
				CLANG_WARN_ENUM_CONVERSION = YES;
				CLANG_WARN_INFINITE_RECURSION = YES;
				CLANG_WARN_INT_CONVERSION = YES;
				CLANG_WARN_NON_LITERAL_NULL_CONVERSION = YES;
				CLANG_WARN_OBJC_IMPLICIT_RETAIN_SELF = YES;
				CLANG_WARN_OBJC_LITERAL_CONVERSION = YES;
				CLANG_WARN_OBJC_ROOT_CLASS = YES_ERROR;
				CLANG_WARN_QUOTED_INCLUDE_IN_FRAMEWORK_HEADER = YES;
				CLANG_WARN_RANGE_LOOP_ANALYSIS = YES;
				CLANG_WARN_STRICT_PROTOTYPES = YES;
				CLANG_WARN_SUSPICIOUS_MOVE = YES;
				CLANG_WARN_UNGUARDED_AVAILABILITY = YES_AGGRESSIVE;
				CLANG_WARN_UNREACHABLE_CODE = YES;
				CLANG_WARN__DUPLICATE_METHOD_MATCH = YES;
				COPY_PHASE_STRIP = NO;
				DEBUG_INFORMATION_FORMAT = dwarf;
				ENABLE_STRICT_OBJC_MSGSEND = YES;
				ENABLE_TESTABILITY = YES;
				GCC_C_LANGUAGE_STANDARD = gnu11;
				GCC_DYNAMIC_NO_PIC = NO;
				GCC_NO_COMMON_BLOCKS = YES;
				GCC_OPTIMIZATION_LEVEL = 0;
				GCC_PREPROCESSOR_DEFINITIONS = (
					"DEBUG=1",
					"$(inherited)",
				);
				GCC_WARN_64_TO_32_BIT_CONVERSION = YES;
				GCC_WARN_ABOUT_RETURN_TYPE = YES_ERROR;
				GCC_WARN_UNDECLARED_SELECTOR = YES;
				GCC_WARN_UNINITIALIZED_AUTOS = YES_AGGRESSIVE;
				GCC_WARN_UNUSED_FUNCTION = YES;
				GCC_WARN_UNUSED_VARIABLE = YES;
				MTL_ENABLE_DEBUG_INFO = INCLUDE_SOURCE;
				MTL_FAST_MATH = YES;
				ONLY_ACTIVE_ARCH = YES;
				SDKROOT = appletvos;
				SWIFT_ACTIVE_COMPILATION_CONDITIONS = DEBUG;
				SWIFT_OPTIMIZATION_LEVEL = "-Onone";
				TVOS_DEPLOYMENT_TARGET = 16.1;
			};
			name = Debug;
		};
		FC666257292D46A600AA6337 /* Release */ = {
			isa = XCBuildConfiguration;
			buildSettings = {
				ALWAYS_SEARCH_USER_PATHS = NO;
				CLANG_ANALYZER_NONNULL = YES;
				CLANG_ANALYZER_NUMBER_OBJECT_CONVERSION = YES_AGGRESSIVE;
				CLANG_CXX_LANGUAGE_STANDARD = "gnu++20";
				CLANG_ENABLE_MODULES = YES;
				CLANG_ENABLE_OBJC_ARC = YES;
				CLANG_ENABLE_OBJC_WEAK = YES;
				CLANG_WARN_BLOCK_CAPTURE_AUTORELEASING = YES;
				CLANG_WARN_BOOL_CONVERSION = YES;
				CLANG_WARN_COMMA = YES;
				CLANG_WARN_CONSTANT_CONVERSION = YES;
				CLANG_WARN_DEPRECATED_OBJC_IMPLEMENTATIONS = YES;
				CLANG_WARN_DIRECT_OBJC_ISA_USAGE = YES_ERROR;
				CLANG_WARN_DOCUMENTATION_COMMENTS = YES;
				CLANG_WARN_EMPTY_BODY = YES;
				CLANG_WARN_ENUM_CONVERSION = YES;
				CLANG_WARN_INFINITE_RECURSION = YES;
				CLANG_WARN_INT_CONVERSION = YES;
				CLANG_WARN_NON_LITERAL_NULL_CONVERSION = YES;
				CLANG_WARN_OBJC_IMPLICIT_RETAIN_SELF = YES;
				CLANG_WARN_OBJC_LITERAL_CONVERSION = YES;
				CLANG_WARN_OBJC_ROOT_CLASS = YES_ERROR;
				CLANG_WARN_QUOTED_INCLUDE_IN_FRAMEWORK_HEADER = YES;
				CLANG_WARN_RANGE_LOOP_ANALYSIS = YES;
				CLANG_WARN_STRICT_PROTOTYPES = YES;
				CLANG_WARN_SUSPICIOUS_MOVE = YES;
				CLANG_WARN_UNGUARDED_AVAILABILITY = YES_AGGRESSIVE;
				CLANG_WARN_UNREACHABLE_CODE = YES;
				CLANG_WARN__DUPLICATE_METHOD_MATCH = YES;
				COPY_PHASE_STRIP = NO;
				DEBUG_INFORMATION_FORMAT = "dwarf-with-dsym";
				ENABLE_NS_ASSERTIONS = NO;
				ENABLE_STRICT_OBJC_MSGSEND = YES;
				GCC_C_LANGUAGE_STANDARD = gnu11;
				GCC_NO_COMMON_BLOCKS = YES;
				GCC_WARN_64_TO_32_BIT_CONVERSION = YES;
				GCC_WARN_ABOUT_RETURN_TYPE = YES_ERROR;
				GCC_WARN_UNDECLARED_SELECTOR = YES;
				GCC_WARN_UNINITIALIZED_AUTOS = YES_AGGRESSIVE;
				GCC_WARN_UNUSED_FUNCTION = YES;
				GCC_WARN_UNUSED_VARIABLE = YES;
				MTL_ENABLE_DEBUG_INFO = NO;
				MTL_FAST_MATH = YES;
				SDKROOT = appletvos;
				SWIFT_COMPILATION_MODE = wholemodule;
				SWIFT_OPTIMIZATION_LEVEL = "-O";
				TVOS_DEPLOYMENT_TARGET = 16.1;
				VALIDATE_PRODUCT = YES;
			};
			name = Release;
		};
		FC666259292D46A600AA6337 /* Debug */ = {
			isa = XCBuildConfiguration;
			buildSettings = {
				ASSETCATALOG_COMPILER_APPICON_NAME = "App Icon & Top Shelf Image";
				ASSETCATALOG_COMPILER_GLOBAL_ACCENT_COLOR_NAME = AccentColor;
				CODE_SIGN_STYLE = Automatic;
				CURRENT_PROJECT_VERSION = 1;
				DEVELOPMENT_ASSET_PATHS = "\"teste/Preview Content\"";
				ENABLE_PREVIEWS = YES;
				GENERATE_INFOPLIST_FILE = YES;
				INFOPLIST_KEY_UILaunchScreen_Generation = YES;
				INFOPLIST_KEY_UIUserInterfaceStyle = Automatic;
				LD_RUNPATH_SEARCH_PATHS = (
					"$(inherited)",
					"@executable_path/Frameworks",
				);
				MARKETING_VERSION = 1.0;
				PRODUCT_BUNDLE_IDENTIFIER = br.ufpe.cin.academy.teste;
				PRODUCT_NAME = "$(TARGET_NAME)";
				SWIFT_EMIT_LOC_STRINGS = YES;
				SWIFT_VERSION = 5.0;
				TARGETED_DEVICE_FAMILY = 3;
			};
			name = Debug;
		};
		FC66625A292D46A600AA6337 /* Release */ = {
			isa = XCBuildConfiguration;
			buildSettings = {
				ASSETCATALOG_COMPILER_APPICON_NAME = "App Icon & Top Shelf Image";
				ASSETCATALOG_COMPILER_GLOBAL_ACCENT_COLOR_NAME = AccentColor;
				CODE_SIGN_STYLE = Automatic;
				CURRENT_PROJECT_VERSION = 1;
				DEVELOPMENT_ASSET_PATHS = "\"teste/Preview Content\"";
				ENABLE_PREVIEWS = YES;
				GENERATE_INFOPLIST_FILE = YES;
				INFOPLIST_KEY_UILaunchScreen_Generation = YES;
				INFOPLIST_KEY_UIUserInterfaceStyle = Automatic;
				LD_RUNPATH_SEARCH_PATHS = (
					"$(inherited)",
					"@executable_path/Frameworks",
				);
				MARKETING_VERSION = 1.0;
				PRODUCT_BUNDLE_IDENTIFIER = br.ufpe.cin.academy.teste;
				PRODUCT_NAME = "$(TARGET_NAME)";
				SWIFT_EMIT_LOC_STRINGS = YES;
				SWIFT_VERSION = 5.0;
				TARGETED_DEVICE_FAMILY = 3;
			};
			name = Release;
		};
/* End XCBuildConfiguration section */

/* Begin XCConfigurationList section */
		FC666245292D46A500AA6337 /* Build configuration list for PBXProject "teste" */ = {
			isa = XCConfigurationList;
			buildConfigurations = (
				FC666256292D46A600AA6337 /* Debug */,
				FC666257292D46A600AA6337 /* Release */,
			);
			defaultConfigurationIsVisible = 0;
			defaultConfigurationName = Release;
		};
		FC666258292D46A600AA6337 /* Build configuration list for PBXNativeTarget "teste" */ = {
			isa = XCConfigurationList;
			buildConfigurations = (
				FC666259292D46A600AA6337 /* Debug */,
				FC66625A292D46A600AA6337 /* Release */,
			);
			defaultConfigurationIsVisible = 0;
			defaultConfigurationName = Release;
		};
/* End XCConfigurationList section */
	};
	rootObject = FC666242292D46A500AA6337 /* Project object */;
}
